{
  "version": 4,
  "terraform_version": "1.16.0",
  "serial": 101,
  "lineage": "eb34f630-1bde-0dab-3c2f-b6d153f832d4",
  "outputs": {
    "alb_ip": {
      "value": "158.160.158.245",
      "type": "string"
    },
    "bastion_ip": {
      "value": "93.77.176.21",
      "type": "string"
    },
    "elastic_private_ip": {
      "value": "192.168.20.34",
      "type": "string"
    },
    "kibana_ip": {
      "value": "111.88.246.77",
      "type": "string"
    },
    "load_balancer_ip": {
      "value": "158.160.158.245",
      "type": "string"
    },
    "web_1_private_ip": {
      "value": "192.168.20.4",
      "type": "string"
    },
    "web_2_private_ip": {
      "value": "192.168.21.24",
      "type": "string"
    },
    "zabbix_ip": {
      "value": "111.88.241.219",
      "type": "string"
    }
  },
  "resources": [
    {
      "mode": "managed",
      "type": "yandex_alb_backend_group",
      "name": "web-bg",
      "provider": "provider[\"registry.terraform.io/yandex-cloud/yandex\"]",
      "instances": [
        {
          "schema_version": 0,
          "attributes": {
            "created_at": "2026-09-04T11:52:09Z",
            "description": "",
            "folder_id": "b1g2qij5dprk0aqb2129",
            "grpc_backend": [],
            "http_backend": [
              {
                "healthcheck": [
                  {
                    "grpc_healthcheck": [],
                    "healthcheck_port": 0,
                    "healthy_threshold": 0,
                    "http_healthcheck": [
                      {
                        "expected_statuses": [],
                        "host": "",
                        "http2": false,
                        "path": "/"
                      }
                    ],
                    "interval": "2s",
                    "interval_jitter_percent": 0,
                    "stream_healthcheck": [],
                    "timeout": "10s",
                    "unhealthy_threshold": 0
                  }
                ],
                "http2": false,
                "load_balancing_config": [],
                "name": "web-backend",
                "port": 80,
                "storage_bucket": "",
                "target_group_ids": [
                  "ds7j8qe7htg0j4b7fngb"
                ],
                "tls": [],
                "weight": 1
              }
            ],
            "id": "ds7lj293s5q6hk7ftded",
            "labels": {},
            "name": "web-backend-group",
            "session_affinity": [],
            "stream_backend": [],
            "timeouts": null
          },
          "sensitive_attributes": [],
          "identity_schema_version": 0,
          "private": "eyJlMmJmYjczMC1lY2FhLTExZTYtOGY4OC0zNDM2M2JjN2M0YzAiOnsiY3JlYXRlIjozMDAwMDAwMDAwMDAsImRlbGV0ZSI6MzAwMDAwMDAwMDAwLCJ1cGRhdGUiOjMwMDAwMDAwMDAwMH19",
          "dependencies": [
            "yandex_alb_target_group.web-tg",
            "yandex_compute_instance.web-1",
            "yandex_compute_instance.web-2",
            "yandex_vpc_network.diploma-net",
            "yandex_vpc_route_table.private-route",
            "yandex_vpc_subnet.private-a",
            "yandex_vpc_subnet.private-b"
          ]
        }
      ]
    },
    {
      "mode": "managed",
      "type": "yandex_alb_http_router",
      "name": "web-router",
      "provider": "provider[\"registry.terraform.io/yandex-cloud/yandex\"]",
      "instances": [
        {
          "schema_version": 0,
          "attributes": {
            "created_at": "2026-09-04T10:09:34Z",
            "description": "",
            "folder_id": "b1g2qij5dprk0aqb2129",
            "id": "ds7aqmse2eleia06l2tl",
            "labels": {},
            "name": "web-router",
            "route_options": [],
            "timeouts": null
          },
          "sensitive_attributes": [],
          "identity_schema_version": 0,
          "private": "eyJlMmJmYjczMC1lY2FhLTExZTYtOGY4OC0zNDM2M2JjN2M0YzAiOnsiY3JlYXRlIjozMDAwMDAwMDAwMDAsImRlbGV0ZSI6MzAwMDAwMDAwMDAwLCJ1cGRhdGUiOjMwMDAwMDAwMDAwMH19"
        }
      ]
    },
    {
      "mode": "managed",
      "type": "yandex_alb_load_balancer",
      "name": "web-alb",
      "provider": "provider[\"registry.terraform.io/yandex-cloud/yandex\"]",
      "instances": [
        {
          "schema_version": 0,
          "attributes": {
            "allocation_policy": [
              {
                "location": [
                  {
                    "disable_traffic": false,
                    "subnet_id": "e9btadnaflbppprh2lpn",
                    "zone_id": "ru-central1-a"
                  }
                ]
              }
            ],
            "allow_zonal_shift": false,
            "auto_scale_policy": [],
            "created_at": "2026-09-04T11:04:12Z",
            "description": "",
            "folder_id": "b1g2qij5dprk0aqb2129",
            "id": "ds7tpl7i092e4egk77t0",
            "labels": {},
            "listener": [
              {
                "endpoint": [
                  {
                    "address": [
                      {
                        "external_ipv4_address": [
                          {
                            "address": "158.160.158.245"
                          }
                        ],
                        "external_ipv6_address": [],
                        "internal_ipv4_address": []
                      }
                    ],
                    "ports": [
                      80
                    ]
                  }
                ],
                "http": [
                  {
                    "handler": [
                      {
                        "allow_http10": false,
                        "http2_options": [],
                        "http_router_id": "ds7aqmse2eleia06l2tl",
                        "preserve_http1_header_casing": false,
                        "rewrite_request_id": false
                      }
                    ],
                    "redirects": []
                  }
                ],
                "name": "http-listener",
                "stream": [],
                "tls": []
              }
            ],
            "log_group_id": "",
            "log_options": [],
            "name": "web-alb",
            "network_id": "enp8skpg4sa237c89o0b",
            "region_id": "",
            "security_group_ids": [],
            "status": "active",
            "timeouts": null
          },
          "sensitive_attributes": [],
          "identity_schema_version": 0,
          "private": "eyJlMmJmYjczMC1lY2FhLTExZTYtOGY4OC0zNDM2M2JjN2M0YzAiOnsiY3JlYXRlIjo2MDAwMDAwMDAwMDAsImRlbGV0ZSI6NjAwMDAwMDAwMDAwLCJ1cGRhdGUiOjYwMDAwMDAwMDAwMH19",
          "dependencies": [
            "yandex_alb_http_router.web-router",
            "yandex_vpc_network.diploma-net",
            "yandex_vpc_subnet.public-a"
          ]
        }
      ]
    },
    {
      "mode": "managed",
      "type": "yandex_alb_target_group",
      "name": "web-tg",
      "provider": "provider[\"registry.terraform.io/yandex-cloud/yandex\"]",
      "instances": [
        {
          "schema_version": 0,
          "attributes": {
            "created_at": "2026-09-04T11:52:09Z",
            "description": "",
            "folder_id": "b1g2qij5dprk0aqb2129",
            "id": "ds7j8qe7htg0j4b7fngb",
            "labels": {},
            "name": "web-target-group",
            "target": [
              {
                "external_address": false,
                "ip_address": "192.168.20.4",
                "private_ipv4_address": false,
                "subnet_id": "e9bibkch3er9sqjh4u7m"
              },
              {
                "external_address": false,
                "ip_address": "192.168.21.24",
                "private_ipv4_address": false,
                "subnet_id": "e2l34rfha5bf722idls7"
              }
            ],
            "timeouts": null
          },
          "sensitive_attributes": [],
          "identity_schema_version": 0,
          "private": "eyJlMmJmYjczMC1lY2FhLTExZTYtOGY4OC0zNDM2M2JjN2M0YzAiOnsiY3JlYXRlIjozMDAwMDAwMDAwMDAsImRlbGV0ZSI6MzAwMDAwMDAwMDAwLCJ1cGRhdGUiOjMwMDAwMDAwMDAwMH19",
          "dependencies": [
            "yandex_compute_instance.web-1",
            "yandex_compute_instance.web-2",
            "yandex_vpc_network.diploma-net",
            "yandex_vpc_route_table.private-route",
            "yandex_vpc_subnet.private-a",
            "yandex_vpc_subnet.private-b"
          ]
        }
      ]
    },
    {
      "mode": "managed",
      "type": "yandex_alb_virtual_host",
      "name": "web-vhost",
      "provider": "provider[\"registry.terraform.io/yandex-cloud/yandex\"]",
      "instances": [
        {
          "schema_version": 0,
          "attributes": {
            "authority": [],
            "http_router_id": "ds7aqmse2eleia06l2tl",
            "id": "ds7aqmse2eleia06l2tl/web-vhost",
            "modify_request_headers": [],
            "modify_response_headers": [],
            "name": "web-vhost",
            "rate_limit": [],
            "route": [
              {
                "client_certificate_forward": [],
                "disable_security_profile": false,
                "grpc_route": [],
                "http_route": [
                  {
                    "direct_response_action": [],
                    "http_match": [],
                    "http_route_action": [
                      {
                        "auto_host_rewrite": false,
                        "backend_group_id": "ds7lj293s5q6hk7ftded",
                        "host_rewrite": "",
                        "idle_timeout": "",
                        "prefix_rewrite": "",
                        "rate_limit": [],
                        "regex_rewrite": [],
                        "timeout": "1m0s",
                        "upgrade_types": []
                      }
                    ],
                    "redirect_action": []
                  }
                ],
                "name": "default-route",
                "route_options": []
              }
            ],
            "route_options": [],
            "timeouts": null
          },
          "sensitive_attributes": [],
          "identity_schema_version": 0,
          "private": "eyJlMmJmYjczMC1lY2FhLTExZTYtOGY4OC0zNDM2M2JjN2M0YzAiOnsiY3JlYXRlIjozMDAwMDAwMDAwMDAsImRlbGV0ZSI6MzAwMDAwMDAwMDAwLCJ1cGRhdGUiOjMwMDAwMDAwMDAwMH19",
          "dependencies": [
            "yandex_alb_backend_group.web-bg",
            "yandex_alb_http_router.web-router",
            "yandex_alb_target_group.web-tg",
            "yandex_compute_instance.web-1",
            "yandex_compute_instance.web-2",
            "yandex_vpc_network.diploma-net",
            "yandex_vpc_route_table.private-route",
            "yandex_vpc_subnet.private-a",
            "yandex_vpc_subnet.private-b"
          ]
        }
      ]
    },
    {
      "mode": "managed",
      "type": "yandex_compute_instance",
      "name": "bastion",
      "provider": "provider[\"registry.terraform.io/yandex-cloud/yandex\"]",
      "instances": [
        {
          "schema_version": 1,
          "attributes": {
            "allow_recreate": null,
            "allow_stopping_for_update": true,
            "boot_disk": [
              {
                "auto_delete": true,
                "device_name": "fhm6p0eovakrvhve59mb",
                "disk_id": "fhm6p0eovakrvhve59mb",
                "initialize_params": [
                  {
                    "block_size": 4096,
                    "description": "",
                    "image_id": "fd817i7o8012578061ra",
                    "kms_key_id": "",
                    "name": "",
                    "size": 10,
                    "snapshot_id": "",
                    "type": "network-hdd"
                  }
                ],
                "mode": "READ_WRITE"
              }
            ],
            "created_at": "2026-09-04T11:04:13Z",
            "description": "",
            "filesystem": [],
            "folder_id": "b1g2qij5dprk0aqb2129",
            "fqdn": "bastion.ru-central1.internal",
            "gpu_cluster_id": "",
            "hardware_generation": [
              {
                "generation2_features": [],
                "legacy_features": [
                  {
                    "pci_topology": "PCI_TOPOLOGY_V2"
                  }
                ]
              }
            ],
            "hostname": "bastion",
            "id": "fhm5ldr7he9brme558qc",
            "labels": {},
            "local_disk": [],
            "maintenance_grace_period": "",
            "maintenance_policy": null,
            "metadata": {
              "user-data": "#cloud-config\nssh_authorized_keys:\n  - ssh-rsa AAAAB3NzaC1yc2EAAAADAQABAAACAQDewSf7ldzSlFdi9g1o6R9bt2dAqUNm+MBnR1YKuz/UFjKQn5GqdaHnEvFPp+nyP0LL1/JJWaUpbycGLrSPh44d/IpnXUYL7CJ09TCMtNJhcvhjcHtt5hYlHrly2dkfbkw/5fhRnHrsfJaI0lt3Z7LtlR9gcQtwWIgYP1uJOuft8V6m9NQhkE/myaNx6hwtS5YfXs/QZinxHWQK3HViYJhFSZ7s7CT9B/PqSH2QNnBpx44oTJdELxcoCi/4W8Vq681ikAegEn8AItatBBHFn+V5mqbUMq/uUz1nMCXB0nprZe2D83lg5xRPqQbPZ77qcx0zBs54dOJjKbo8H4H/HJTZOYCTl6HAt9+rZpNNJhZjCHDImguMZxW8ZnoYqjOcBJmTlt+Lt+J84gyXtt5sw+nSkTMQDy408Of/fxUWXA6fTFRfebVQehasWoIcTa+4koxMRuGXPACXsSvIqhA+RRboOvF3RCM5ut2Zk9kbyOzjOnNNJVrR2proUKfDHxdilOR3bZ+H3p2BQBX2Rk2MsuWbWzfsvJ/DTmXu5hOmc/4iJ3L+fAoFBnxFY4TYBpkRjkhn6npnTcSnl9vtdGj6FgCKfMxBrI+B9uOV8jikMcmXHjgRvb/knrqxz1tsigepG5mwCtohaaJfZMs78PFJkCiFB60+oWP285wchfB2neUNRQ== diploma-project\n"
            },
            "metadata_options": [
              {
                "aws_v1_http_endpoint": 1,
                "aws_v1_http_token": 2,
                "aws_v2_http_endpoint": 1,
                "aws_v2_http_token": 1,
                "gce_http_endpoint": 1,
                "gce_http_token": 1
              }
            ],
            "name": "bastion",
            "network_acceleration_type": "standard",
            "network_interface": [
              {
                "dns_record": [],
                "index": 0,
                "ip_address": "192.168.10.29",
                "ipv4": true,
                "ipv6": false,
                "ipv6_address": "",
                "ipv6_dns_record": [],
                "mac_address": "d0:0d:5a:b7:67:8b",
                "nat": true,
                "nat_dns_record": [],
                "nat_ip_address": "93.77.176.21",
                "nat_ip_version": "IPV4",
                "security_group_ids": [],
                "subnet_id": "e9btadnaflbppprh2lpn"
              }
            ],
            "placement_policy": [
              {
                "host_affinity_rules": [],
                "placement_group_id": "",
                "placement_group_partition": 0
              }
            ],
            "platform_id": "standard-v2",
            "reserved_instance_pool_id": "",
            "resources": [
              {
                "core_fraction": 100,
                "cores": 2,
                "gpus": 0,
                "memory": 2
              }
            ],
            "scheduling_policy": [
              {
                "preemptible": false
              }
            ],
            "secondary_disk": [],
            "service_account_id": "",
            "status": "running",
            "timeouts": null,
            "zone": "ru-central1-a"
          },
          "sensitive_attributes": [],
          "identity_schema_version": 0,
          "private": "eyJlMmJmYjczMC1lY2FhLTExZTYtOGY4OC0zNDM2M2JjN2M0YzAiOnsiY3JlYXRlIjozMDAwMDAwMDAwMDAsImRlbGV0ZSI6MzAwMDAwMDAwMDAwLCJ1cGRhdGUiOjMwMDAwMDAwMDAwMH0sInNjaGVtYV92ZXJzaW9uIjoiMSJ9",
          "dependencies": [
            "yandex_vpc_network.diploma-net",
            "yandex_vpc_subnet.public-a"
          ]
        }
      ]
    },
    {
      "mode": "managed",
      "type": "yandex_compute_instance",
      "name": "elastic",
      "provider": "provider[\"registry.terraform.io/yandex-cloud/yandex\"]",
      "instances": [
        {
          "schema_version": 1,
          "attributes": {
            "allow_recreate": null,
            "allow_stopping_for_update": true,
            "boot_disk": [
              {
                "auto_delete": true,
                "device_name": "fhmpkb760vvk287ffe83",
                "disk_id": "fhmpkb760vvk287ffe83",
                "initialize_params": [
                  {
                    "block_size": 4096,
                    "description": "",
                    "image_id": "fd817i7o8012578061ra",
                    "kms_key_id": "",
                    "name": "",
                    "size": 30,
                    "snapshot_id": "",
                    "type": "network-hdd"
                  }
                ],
                "mode": "READ_WRITE"
              }
            ],
            "created_at": "2026-09-04T11:04:13Z",
            "description": "",
            "filesystem": [],
            "folder_id": "b1g2qij5dprk0aqb2129",
            "fqdn": "elastic.ru-central1.internal",
            "gpu_cluster_id": "",
            "hardware_generation": [
              {
                "generation2_features": [],
                "legacy_features": [
                  {
                    "pci_topology": "PCI_TOPOLOGY_V2"
                  }
                ]
              }
            ],
            "hostname": "elastic",
            "id": "fhmobir9ajj38eegaida",
            "labels": {},
            "local_disk": [],
            "maintenance_grace_period": "",
            "maintenance_policy": null,
            "metadata": {
              "user-data": "#cloud-config\nssh_authorized_keys:\n  - ssh-rsa AAAAB3NzaC1yc2EAAAADAQABAAACAQDewSf7ldzSlFdi9g1o6R9bt2dAqUNm+MBnR1YKuz/UFjKQn5GqdaHnEvFPp+nyP0LL1/JJWaUpbycGLrSPh44d/IpnXUYL7CJ09TCMtNJhcvhjcHtt5hYlHrly2dkfbkw/5fhRnHrsfJaI0lt3Z7LtlR9gcQtwWIgYP1uJOuft8V6m9NQhkE/myaNx6hwtS5YfXs/QZinxHWQK3HViYJhFSZ7s7CT9B/PqSH2QNnBpx44oTJdELxcoCi/4W8Vq681ikAegEn8AItatBBHFn+V5mqbUMq/uUz1nMCXB0nprZe2D83lg5xRPqQbPZ77qcx0zBs54dOJjKbo8H4H/HJTZOYCTl6HAt9+rZpNNJhZjCHDImguMZxW8ZnoYqjOcBJmTlt+Lt+J84gyXtt5sw+nSkTMQDy408Of/fxUWXA6fTFRfebVQehasWoIcTa+4koxMRuGXPACXsSvIqhA+RRboOvF3RCM5ut2Zk9kbyOzjOnNNJVrR2proUKfDHxdilOR3bZ+H3p2BQBX2Rk2MsuWbWzfsvJ/DTmXu5hOmc/4iJ3L+fAoFBnxFY4TYBpkRjkhn6npnTcSnl9vtdGj6FgCKfMxBrI+B9uOV8jikMcmXHjgRvb/knrqxz1tsigepG5mwCtohaaJfZMs78PFJkCiFB60+oWP285wchfB2neUNRQ== diploma-project\n"
            },
            "metadata_options": [
              {
                "aws_v1_http_endpoint": 1,
                "aws_v1_http_token": 2,
                "aws_v2_http_endpoint": 1,
                "aws_v2_http_token": 1,
                "gce_http_endpoint": 1,
                "gce_http_token": 1
              }
            ],
            "name": "elastic",
            "network_acceleration_type": "standard",
            "network_interface": [
              {
                "dns_record": [],
                "index": 0,
                "ip_address": "192.168.20.34",
                "ipv4": true,
                "ipv6": false,
                "ipv6_address": "",
                "ipv6_dns_record": [],
                "mac_address": "d0:0d:18:5c:b6:95",
                "nat": false,
                "nat_dns_record": [],
                "nat_ip_address": "",
                "nat_ip_version": "",
                "security_group_ids": [],
                "subnet_id": "e9bibkch3er9sqjh4u7m"
              }
            ],
            "placement_policy": [
              {
                "host_affinity_rules": [],
                "placement_group_id": "",
                "placement_group_partition": 0
              }
            ],
            "platform_id": "standard-v2",
            "reserved_instance_pool_id": "",
            "resources": [
              {
                "core_fraction": 100,
                "cores": 2,
                "gpus": 0,
                "memory": 4
              }
            ],
            "scheduling_policy": [
              {
                "preemptible": false
              }
            ],
            "secondary_disk": [],
            "service_account_id": "",
            "status": "running",
            "timeouts": null,
            "zone": "ru-central1-a"
          },
          "sensitive_attributes": [],
          "identity_schema_version": 0,
          "private": "eyJlMmJmYjczMC1lY2FhLTExZTYtOGY4OC0zNDM2M2JjN2M0YzAiOnsiY3JlYXRlIjozMDAwMDAwMDAwMDAsImRlbGV0ZSI6MzAwMDAwMDAwMDAwLCJ1cGRhdGUiOjMwMDAwMDAwMDAwMH0sInNjaGVtYV92ZXJzaW9uIjoiMSJ9",
          "dependencies": [
            "yandex_vpc_network.diploma-net",
            "yandex_vpc_route_table.private-route",
            "yandex_vpc_subnet.private-a"
          ]
        }
      ]
    },
    {
      "mode": "managed",
      "type": "yandex_compute_instance",
      "name": "kibana",
      "provider": "provider[\"registry.terraform.io/yandex-cloud/yandex\"]",
      "instances": [
        {
          "schema_version": 1,
          "attributes": {
            "allow_recreate": null,
            "allow_stopping_for_update": true,
            "boot_disk": [
              {
                "auto_delete": true,
                "device_name": "fhml45n8msnr2lhd33ke",
                "disk_id": "fhml45n8msnr2lhd33ke",
                "initialize_params": [
                  {
                    "block_size": 4096,
                    "description": "",
                    "image_id": "fd817i7o8012578061ra",
                    "kms_key_id": "",
                    "name": "",
                    "size": 15,
                    "snapshot_id": "",
                    "type": "network-hdd"
                  }
                ],
                "mode": "READ_WRITE"
              }
            ],
            "created_at": "2026-09-04T11:04:13Z",
            "description": "",
            "filesystem": [],
            "folder_id": "b1g2qij5dprk0aqb2129",
            "fqdn": "kibana.ru-central1.internal",
            "gpu_cluster_id": "",
            "hardware_generation": [
              {
                "generation2_features": [],
                "legacy_features": [
                  {
                    "pci_topology": "PCI_TOPOLOGY_V2"
                  }
                ]
              }
            ],
            "hostname": "kibana",
            "id": "fhmllu56jdfai70n1399",
            "labels": {},
            "local_disk": [],
            "maintenance_grace_period": "",
            "maintenance_policy": null,
            "metadata": {
              "user-data": "#cloud-config\nssh_authorized_keys:\n  - ssh-rsa AAAAB3NzaC1yc2EAAAADAQABAAACAQDewSf7ldzSlFdi9g1o6R9bt2dAqUNm+MBnR1YKuz/UFjKQn5GqdaHnEvFPp+nyP0LL1/JJWaUpbycGLrSPh44d/IpnXUYL7CJ09TCMtNJhcvhjcHtt5hYlHrly2dkfbkw/5fhRnHrsfJaI0lt3Z7LtlR9gcQtwWIgYP1uJOuft8V6m9NQhkE/myaNx6hwtS5YfXs/QZinxHWQK3HViYJhFSZ7s7CT9B/PqSH2QNnBpx44oTJdELxcoCi/4W8Vq681ikAegEn8AItatBBHFn+V5mqbUMq/uUz1nMCXB0nprZe2D83lg5xRPqQbPZ77qcx0zBs54dOJjKbo8H4H/HJTZOYCTl6HAt9+rZpNNJhZjCHDImguMZxW8ZnoYqjOcBJmTlt+Lt+J84gyXtt5sw+nSkTMQDy408Of/fxUWXA6fTFRfebVQehasWoIcTa+4koxMRuGXPACXsSvIqhA+RRboOvF3RCM5ut2Zk9kbyOzjOnNNJVrR2proUKfDHxdilOR3bZ+H3p2BQBX2Rk2MsuWbWzfsvJ/DTmXu5hOmc/4iJ3L+fAoFBnxFY4TYBpkRjkhn6npnTcSnl9vtdGj6FgCKfMxBrI+B9uOV8jikMcmXHjgRvb/knrqxz1tsigepG5mwCtohaaJfZMs78PFJkCiFB60+oWP285wchfB2neUNRQ== diploma-project\n"
            },
            "metadata_options": [
              {
                "aws_v1_http_endpoint": 1,
                "aws_v1_http_token": 2,
                "aws_v2_http_endpoint": 1,
                "aws_v2_http_token": 1,
                "gce_http_endpoint": 1,
                "gce_http_token": 1
              }
            ],
            "name": "kibana",
            "network_acceleration_type": "standard",
            "network_interface": [
              {
                "dns_record": [],
                "index": 0,
                "ip_address": "192.168.10.15",
                "ipv4": true,
                "ipv6": false,
                "ipv6_address": "",
                "ipv6_dns_record": [],
                "mac_address": "d0:0d:15:af:8a:69",
                "nat": true,
                "nat_dns_record": [],
                "nat_ip_address": "111.88.246.77",
                "nat_ip_version": "IPV4",
                "security_group_ids": [],
                "subnet_id": "e9btadnaflbppprh2lpn"
              }
            ],
            "placement_policy": [
              {
                "host_affinity_rules": [],
                "placement_group_id": "",
                "placement_group_partition": 0
              }
            ],
            "platform_id": "standard-v2",
            "reserved_instance_pool_id": "",
            "resources": [
              {
                "core_fraction": 100,
                "cores": 2,
                "gpus": 0,
                "memory": 2
              }
            ],
            "scheduling_policy": [
              {
                "preemptible": false
              }
            ],
            "secondary_disk": [],
            "service_account_id": "",
            "status": "running",
            "timeouts": null,
            "zone": "ru-central1-a"
          },
          "sensitive_attributes": [],
          "identity_schema_version": 0,
          "private": "eyJlMmJmYjczMC1lY2FhLTExZTYtOGY4OC0zNDM2M2JjN2M0YzAiOnsiY3JlYXRlIjozMDAwMDAwMDAwMDAsImRlbGV0ZSI6MzAwMDAwMDAwMDAwLCJ1cGRhdGUiOjMwMDAwMDAwMDAwMH0sInNjaGVtYV92ZXJzaW9uIjoiMSJ9",
          "dependencies": [
            "yandex_vpc_network.diploma-net",
            "yandex_vpc_subnet.public-a"
          ]
        }
      ]
    },
    {
      "mode": "managed",
      "type": "yandex_compute_instance",
      "name": "web-1",
      "provider": "provider[\"registry.terraform.io/yandex-cloud/yandex\"]",
      "instances": [
        {
          "schema_version": 1,
          "attributes": {
            "allow_recreate": null,
            "allow_stopping_for_update": true,
            "boot_disk": [
              {
                "auto_delete": true,
                "device_name": "fhmoi67pqhb7ruon6bnk",
                "disk_id": "fhmoi67pqhb7ruon6bnk",
                "initialize_params": [
                  {
                    "block_size": 4096,
                    "description": "",
                    "image_id": "fd817i7o8012578061ra",
                    "kms_key_id": "",
                    "name": "",
                    "size": 10,
                    "snapshot_id": "",
                    "type": "network-hdd"
                  }
                ],
                "mode": "READ_WRITE"
              }
            ],
            "created_at": "2026-09-04T12:11:41Z",
            "description": "",
            "filesystem": [],
            "folder_id": "b1g2qij5dprk0aqb2129",
            "fqdn": "web-1.ru-central1.internal",
            "gpu_cluster_id": "",
            "hardware_generation": [
              {
                "generation2_features": [],
                "legacy_features": [
                  {
                    "pci_topology": "PCI_TOPOLOGY_V2"
                  }
                ]
              }
            ],
            "hostname": "web-1",
            "id": "fhm2lijtalkr31kl3vo6",
            "labels": {},
            "local_disk": [],
            "maintenance_grace_period": "",
            "maintenance_policy": null,
            "metadata": {
              "user-data": "#cloud-config\nchpasswd:\n  list: |\n    ubuntu:ubuntu123\n  expire: False\nssh_authorized_keys:\n  - ssh-rsa AAAAB3NzaC1yc2EAAAADAQABAAACAQDewSf7ldzSlFdi9g1o6R9bt2dAqUNm+MBnR1YKuz/UFjKQn5GqdaHnEvFPp+nyP0LL1/JJWaUpbycGLrSPh44d/IpnXUYL7CJ09TCMtNJhcvhjcHtt5hYlHrly2dkfbkw/5fhRnHrsfJaI0lt3Z7LtlR9gcQtwWIgYP1uJOuft8V6m9NQhkE/myaNx6hwtS5YfXs/QZinxHWQK3HViYJhFSZ7s7CT9B/PqSH2QNnBpx44oTJdELxcoCi/4W8Vq681ikAegEn8AItatBBHFn+V5mqbUMq/uUz1nMCXB0nprZe2D83lg5xRPqQbPZ77qcx0zBs54dOJjKbo8H4H/HJTZOYCTl6HAt9+rZpNNJhZjCHDImguMZxW8ZnoYqjOcBJmTlt+Lt+J84gyXtt5sw+nSkTMQDy408Of/fxUWXA6fTFRfebVQehasWoIcTa+4koxMRuGXPACXsSvIqhA+RRboOvF3RCM5ut2Zk9kbyOzjOnNNJVrR2proUKfDHxdilOR3bZ+H3p2BQBX2Rk2MsuWbWzfsvJ/DTmXu5hOmc/4iJ3L+fAoFBnxFY4TYBpkRjkhn6npnTcSnl9vtdGj6FgCKfMxBrI+B9uOV8jikMcmXHjgRvb/knrqxz1tsigepG5mwCtohaaJfZMs78PFJkCiFB60+oWP285wchfB2neUNRQ== diploma-project\n"
            },
            "metadata_options": [
              {
                "aws_v1_http_endpoint": 1,
                "aws_v1_http_token": 2,
                "aws_v2_http_endpoint": 1,
                "aws_v2_http_token": 1,
                "gce_http_endpoint": 1,
                "gce_http_token": 1
              }
            ],
            "name": "web-1",
            "network_acceleration_type": "standard",
            "network_interface": [
              {
                "dns_record": [],
                "index": 0,
                "ip_address": "192.168.20.4",
                "ipv4": true,
                "ipv6": false,
                "ipv6_address": "",
                "ipv6_dns_record": [],
                "mac_address": "d0:0d:2a:ca:7d:55",
                "nat": false,
                "nat_dns_record": [],
                "nat_ip_address": "",
                "nat_ip_version": "",
                "security_group_ids": [],
                "subnet_id": "e9bibkch3er9sqjh4u7m"
              }
            ],
            "placement_policy": [
              {
                "host_affinity_rules": [],
                "placement_group_id": "",
                "placement_group_partition": 0
              }
            ],
            "platform_id": "standard-v2",
            "reserved_instance_pool_id": "",
            "resources": [
              {
                "core_fraction": 100,
                "cores": 2,
                "gpus": 0,
                "memory": 2
              }
            ],
            "scheduling_policy": [
              {
                "preemptible": false
              }
            ],
            "secondary_disk": [],
            "service_account_id": "",
            "status": "running",
            "timeouts": null,
            "zone": "ru-central1-a"
          },
          "sensitive_attributes": [],
          "identity_schema_version": 0,
          "private": "eyJlMmJmYjczMC1lY2FhLTExZTYtOGY4OC0zNDM2M2JjN2M0YzAiOnsiY3JlYXRlIjozMDAwMDAwMDAwMDAsImRlbGV0ZSI6MzAwMDAwMDAwMDAwLCJ1cGRhdGUiOjMwMDAwMDAwMDAwMH0sInNjaGVtYV92ZXJzaW9uIjoiMSJ9",
          "dependencies": [
            "yandex_vpc_network.diploma-net",
            "yandex_vpc_route_table.private-route",
            "yandex_vpc_subnet.private-a"
          ]
        }
      ]
    },
    {
      "mode": "managed",
      "type": "yandex_compute_instance",
      "name": "web-2",
      "provider": "provider[\"registry.terraform.io/yandex-cloud/yandex\"]",
      "instances": [
        {
          "schema_version": 1,
          "attributes": {
            "allow_recreate": null,
            "allow_stopping_for_update": true,
            "boot_disk": [
              {
                "auto_delete": true,
                "device_name": "epdnhonc6qqrevf6f4pa",
                "disk_id": "epdnhonc6qqrevf6f4pa",
                "initialize_params": [
                  {
                    "block_size": 4096,
                    "description": "",
                    "image_id": "fd817i7o8012578061ra",
                    "kms_key_id": "",
                    "name": "",
                    "size": 10,
                    "snapshot_id": "",
                    "type": "network-hdd"
                  }
                ],
                "mode": "READ_WRITE"
              }
            ],
            "created_at": "2026-09-04T12:11:41Z",
            "description": "",
            "filesystem": [],
            "folder_id": "b1g2qij5dprk0aqb2129",
            "fqdn": "web-2.ru-central1.internal",
            "gpu_cluster_id": "",
            "hardware_generation": [
              {
                "generation2_features": [],
                "legacy_features": [
                  {
                    "pci_topology": "PCI_TOPOLOGY_V2"
                  }
                ]
              }
            ],
            "hostname": "web-2",
            "id": "epdjgosloj5ot97ku682",
            "labels": {},
            "local_disk": [],
            "maintenance_grace_period": "",
            "maintenance_policy": null,
            "metadata": {
              "user-data": "#cloud-config\nchpasswd:\n  list: |\n    ubuntu:ubuntu123\n  expire: False\nssh_authorized_keys:\n  - ssh-rsa AAAAB3NzaC1yc2EAAAADAQABAAACAQDewSf7ldzSlFdi9g1o6R9bt2dAqUNm+MBnR1YKuz/UFjKQn5GqdaHnEvFPp+nyP0LL1/JJWaUpbycGLrSPh44d/IpnXUYL7CJ09TCMtNJhcvhjcHtt5hYlHrly2dkfbkw/5fhRnHrsfJaI0lt3Z7LtlR9gcQtwWIgYP1uJOuft8V6m9NQhkE/myaNx6hwtS5YfXs/QZinxHWQK3HViYJhFSZ7s7CT9B/PqSH2QNnBpx44oTJdELxcoCi/4W8Vq681ikAegEn8AItatBBHFn+V5mqbUMq/uUz1nMCXB0nprZe2D83lg5xRPqQbPZ77qcx0zBs54dOJjKbo8H4H/HJTZOYCTl6HAt9+rZpNNJhZjCHDImguMZxW8ZnoYqjOcBJmTlt+Lt+J84gyXtt5sw+nSkTMQDy408Of/fxUWXA6fTFRfebVQehasWoIcTa+4koxMRuGXPACXsSvIqhA+RRboOvF3RCM5ut2Zk9kbyOzjOnNNJVrR2proUKfDHxdilOR3bZ+H3p2BQBX2Rk2MsuWbWzfsvJ/DTmXu5hOmc/4iJ3L+fAoFBnxFY4TYBpkRjkhn6npnTcSnl9vtdGj6FgCKfMxBrI+B9uOV8jikMcmXHjgRvb/knrqxz1tsigepG5mwCtohaaJfZMs78PFJkCiFB60+oWP285wchfB2neUNRQ== diploma-project\n"
            },
            "metadata_options": [
              {
                "aws_v1_http_endpoint": 1,
                "aws_v1_http_token": 2,
                "aws_v2_http_endpoint": 1,
                "aws_v2_http_token": 1,
                "gce_http_endpoint": 1,
                "gce_http_token": 1
              }
            ],
            "name": "web-2",
            "network_acceleration_type": "standard",
            "network_interface": [
              {
                "dns_record": [],
                "index": 0,
                "ip_address": "192.168.21.24",
                "ipv4": true,
                "ipv6": false,
                "ipv6_address": "",
                "ipv6_dns_record": [],
                "mac_address": "d0:0d:13:86:39:5c",
                "nat": false,
                "nat_dns_record": [],
                "nat_ip_address": "",
                "nat_ip_version": "",
                "security_group_ids": [],
                "subnet_id": "e2l34rfha5bf722idls7"
              }
            ],
            "placement_policy": [
              {
                "host_affinity_rules": [],
                "placement_group_id": "",
                "placement_group_partition": 0
              }
            ],
            "platform_id": "standard-v2",
            "reserved_instance_pool_id": "",
            "resources": [
              {
                "core_fraction": 100,
                "cores": 2,
                "gpus": 0,
                "memory": 2
              }
            ],
            "scheduling_policy": [
              {
                "preemptible": false
              }
            ],
            "secondary_disk": [],
            "service_account_id": "",
            "status": "running",
            "timeouts": null,
            "zone": "ru-central1-b"
          },
          "sensitive_attributes": [],
          "identity_schema_version": 0,
          "private": "eyJlMmJmYjczMC1lY2FhLTExZTYtOGY4OC0zNDM2M2JjN2M0YzAiOnsiY3JlYXRlIjozMDAwMDAwMDAwMDAsImRlbGV0ZSI6MzAwMDAwMDAwMDAwLCJ1cGRhdGUiOjMwMDAwMDAwMDAwMH0sInNjaGVtYV92ZXJzaW9uIjoiMSJ9",
          "dependencies": [
            "yandex_vpc_network.diploma-net",
            "yandex_vpc_route_table.private-route",
            "yandex_vpc_subnet.private-b"
          ]
        }
      ]
    },
    {
      "mode": "managed",
      "type": "yandex_compute_instance",
      "name": "zabbix",
      "provider": "provider[\"registry.terraform.io/yandex-cloud/yandex\"]",
      "instances": [
        {
          "schema_version": 1,
          "attributes": {
            "allow_recreate": null,
            "allow_stopping_for_update": true,
            "boot_disk": [
              {
                "auto_delete": true,
                "device_name": "fhm32aksmhn18h06lemk",
                "disk_id": "fhm32aksmhn18h06lemk",
                "initialize_params": [
                  {
                    "block_size": 4096,
                    "description": "",
                    "image_id": "fd817i7o8012578061ra",
                    "kms_key_id": "",
                    "name": "",
                    "size": 20,
                    "snapshot_id": "",
                    "type": "network-hdd"
                  }
                ],
                "mode": "READ_WRITE"
              }
            ],
            "created_at": "2026-09-04T11:04:13Z",
            "description": "",
            "filesystem": [],
            "folder_id": "b1g2qij5dprk0aqb2129",
            "fqdn": "zabbix.ru-central1.internal",
            "gpu_cluster_id": "",
            "hardware_generation": [
              {
                "generation2_features": [],
                "legacy_features": [
                  {
                    "pci_topology": "PCI_TOPOLOGY_V2"
                  }
                ]
              }
            ],
            "hostname": "zabbix",
            "id": "fhm4o3k1bnvr8l54moln",
            "labels": {},
            "local_disk": [],
            "maintenance_grace_period": "",
            "maintenance_policy": null,
            "metadata": {
              "user-data": "#cloud-config\nssh_authorized_keys:\n  - ssh-rsa AAAAB3NzaC1yc2EAAAADAQABAAACAQDewSf7ldzSlFdi9g1o6R9bt2dAqUNm+MBnR1YKuz/UFjKQn5GqdaHnEvFPp+nyP0LL1/JJWaUpbycGLrSPh44d/IpnXUYL7CJ09TCMtNJhcvhjcHtt5hYlHrly2dkfbkw/5fhRnHrsfJaI0lt3Z7LtlR9gcQtwWIgYP1uJOuft8V6m9NQhkE/myaNx6hwtS5YfXs/QZinxHWQK3HViYJhFSZ7s7CT9B/PqSH2QNnBpx44oTJdELxcoCi/4W8Vq681ikAegEn8AItatBBHFn+V5mqbUMq/uUz1nMCXB0nprZe2D83lg5xRPqQbPZ77qcx0zBs54dOJjKbo8H4H/HJTZOYCTl6HAt9+rZpNNJhZjCHDImguMZxW8ZnoYqjOcBJmTlt+Lt+J84gyXtt5sw+nSkTMQDy408Of/fxUWXA6fTFRfebVQehasWoIcTa+4koxMRuGXPACXsSvIqhA+RRboOvF3RCM5ut2Zk9kbyOzjOnNNJVrR2proUKfDHxdilOR3bZ+H3p2BQBX2Rk2MsuWbWzfsvJ/DTmXu5hOmc/4iJ3L+fAoFBnxFY4TYBpkRjkhn6npnTcSnl9vtdGj6FgCKfMxBrI+B9uOV8jikMcmXHjgRvb/knrqxz1tsigepG5mwCtohaaJfZMs78PFJkCiFB60+oWP285wchfB2neUNRQ== diploma-project\n"
            },
            "metadata_options": [
              {
                "aws_v1_http_endpoint": 1,
                "aws_v1_http_token": 2,
                "aws_v2_http_endpoint": 1,
                "aws_v2_http_token": 1,
                "gce_http_endpoint": 1,
                "gce_http_token": 1
              }
            ],
            "name": "zabbix",
            "network_acceleration_type": "standard",
            "network_interface": [
              {
                "dns_record": [],
                "index": 0,
                "ip_address": "192.168.10.30",
                "ipv4": true,
                "ipv6": false,
                "ipv6_address": "",
                "ipv6_dns_record": [],
                "mac_address": "d0:0d:4c:0e:81:5d",
                "nat": true,
                "nat_dns_record": [],
                "nat_ip_address": "111.88.241.219",
                "nat_ip_version": "IPV4",
                "security_group_ids": [],
                "subnet_id": "e9btadnaflbppprh2lpn"
              }
            ],
            "placement_policy": [
              {
                "host_affinity_rules": [],
                "placement_group_id": "",
                "placement_group_partition": 0
              }
            ],
            "platform_id": "standard-v2",
            "reserved_instance_pool_id": "",
            "resources": [
              {
                "core_fraction": 100,
                "cores": 2,
                "gpus": 0,
                "memory": 4
              }
            ],
            "scheduling_policy": [
              {
                "preemptible": false
              }
            ],
            "secondary_disk": [],
            "service_account_id": "",
            "status": "running",
            "timeouts": null,
            "zone": "ru-central1-a"
          },
          "sensitive_attributes": [],
          "identity_schema_version": 0,
          "private": "eyJlMmJmYjczMC1lY2FhLTExZTYtOGY4OC0zNDM2M2JjN2M0YzAiOnsiY3JlYXRlIjozMDAwMDAwMDAwMDAsImRlbGV0ZSI6MzAwMDAwMDAwMDAwLCJ1cGRhdGUiOjMwMDAwMDAwMDAwMH0sInNjaGVtYV92ZXJzaW9uIjoiMSJ9",
          "dependencies": [
            "yandex_vpc_network.diploma-net",
            "yandex_vpc_subnet.public-a"
          ]
        }
      ]
    },
    {
      "mode": "managed",
      "type": "yandex_vpc_gateway",
      "name": "nat-gateway",
      "provider": "provider[\"registry.terraform.io/yandex-cloud/yandex\"]",
      "instances": [
        {
          "schema_version": 0,
          "attributes": {
            "created_at": "2026-09-04T12:49:58Z",
            "description": "",
            "folder_id": "b1g2qij5dprk0aqb2129",
            "id": "enpkq1d85uh43vqj817s",
            "labels": {},
            "name": "diploma-nat",
            "shared_egress_gateway": [
              {}
            ],
            "timeouts": null
          },
          "sensitive_attributes": [],
          "identity_schema_version": 0,
          "private": "eyJlMmJmYjczMC1lY2FhLTExZTYtOGY4OC0zNDM2M2JjN2M0YzAiOnsiY3JlYXRlIjo2MDAwMDAwMDAwMCwiZGVsZXRlIjo2MDAwMDAwMDAwMCwidXBkYXRlIjo2MDAwMDAwMDAwMH19"
        }
      ]
    },
    {
      "mode": "managed",
      "type": "yandex_vpc_network",
      "name": "diploma-net",
      "provider": "provider[\"registry.terraform.io/yandex-cloud/yandex\"]",
      "instances": [
        {
          "schema_version": 0,
          "attributes": {
            "created_at": "2026-09-04T09:39:26Z",
            "default_security_group_id": "enpf7sm8d5g5ksrcvtie",
            "description": "",
            "folder_id": "b1g2qij5dprk0aqb2129",
            "id": "enp8skpg4sa237c89o0b",
            "labels": {},
            "name": "diploma-network",
            "subnet_ids": [
              "e2l34rfha5bf722idls7",
              "e9bibkch3er9sqjh4u7m",
              "e9btadnaflbppprh2lpn"
            ],
            "timeouts": null
          },
          "sensitive_attributes": [],
          "identity_schema_version": 0,
          "private": "eyJlMmJmYjczMC1lY2FhLTExZTYtOGY4OC0zNDM2M2JjN2M0YzAiOnsiY3JlYXRlIjo2MDAwMDAwMDAwMCwiZGVsZXRlIjo2MDAwMDAwMDAwMCwidXBkYXRlIjo2MDAwMDAwMDAwMH19"
        }
      ]
    },
    {
      "mode": "managed",
      "type": "yandex_vpc_route_table",
      "name": "private-route",
      "provider": "provider[\"registry.terraform.io/yandex-cloud/yandex\"]",
      "instances": [
        {
          "schema_version": 0,
          "attributes": {
            "created_at": "2026-09-04T12:54:37Z",
            "description": "",
            "folder_id": "b1g2qij5dprk0aqb2129",
            "id": "enpuj4bac4b2at8pgsoh",
            "labels": {},
            "name": "private-route",
            "network_id": "enp8skpg4sa237c89o0b",
            "static_route": [
              {
                "destination_prefix": "0.0.0.0/0",
                "gateway_id": "",
                "next_hop_address": "192.168.10.1"
              }
            ],
            "timeouts": null
          },
          "sensitive_attributes": [],
          "identity_schema_version": 0,
          "private": "eyJlMmJmYjczMC1lY2FhLTExZTYtOGY4OC0zNDM2M2JjN2M0YzAiOnsiY3JlYXRlIjoxODAwMDAwMDAwMDAsImRlbGV0ZSI6MTgwMDAwMDAwMDAwLCJ1cGRhdGUiOjE4MDAwMDAwMDAwMH19",
          "dependencies": [
            "yandex_vpc_network.diploma-net"
          ]
        }
      ]
    },
    {
      "mode": "managed",
      "type": "yandex_vpc_subnet",
      "name": "private-a",
      "provider": "provider[\"registry.terraform.io/yandex-cloud/yandex\"]",
      "instances": [
        {
          "schema_version": 0,
          "attributes": {
            "created_at": "2026-09-04T09:39:29Z",
            "description": "",
            "dhcp_options": [],
            "folder_id": "b1g2qij5dprk0aqb2129",
            "id": "e9bibkch3er9sqjh4u7m",
            "labels": {},
            "name": "private-subnet-a",
            "network_id": "enp8skpg4sa237c89o0b",
            "route_table_id": "enpuj4bac4b2at8pgsoh",
            "timeouts": null,
            "v4_cidr_blocks": [
              "192.168.20.0/24"
            ],
            "v6_cidr_blocks": [],
            "zone": "ru-central1-a"
          },
          "sensitive_attributes": [],
          "identity_schema_version": 0,
          "private": "eyJlMmJmYjczMC1lY2FhLTExZTYtOGY4OC0zNDM2M2JjN2M0YzAiOnsiY3JlYXRlIjoxODAwMDAwMDAwMDAsImRlbGV0ZSI6MTgwMDAwMDAwMDAwLCJ1cGRhdGUiOjE4MDAwMDAwMDAwMH19",
          "dependencies": [
            "yandex_vpc_network.diploma-net",
            "yandex_vpc_route_table.private-route"
          ]
        }
      ]
    },
    {
      "mode": "managed",
      "type": "yandex_vpc_subnet",
      "name": "private-b",
      "provider": "provider[\"registry.terraform.io/yandex-cloud/yandex\"]",
      "instances": [
        {
          "schema_version": 0,
          "attributes": {
            "created_at": "2026-09-04T09:39:28Z",
            "description": "",
            "dhcp_options": [],
            "folder_id": "b1g2qij5dprk0aqb2129",
            "id": "e2l34rfha5bf722idls7",
            "labels": {},
            "name": "private-subnet-b",
            "network_id": "enp8skpg4sa237c89o0b",
            "route_table_id": "enpuj4bac4b2at8pgsoh",
            "timeouts": null,
            "v4_cidr_blocks": [
              "192.168.21.0/24"
            ],
            "v6_cidr_blocks": [],
            "zone": "ru-central1-b"
          },
          "sensitive_attributes": [],
          "identity_schema_version": 0,
          "private": "eyJlMmJmYjczMC1lY2FhLTExZTYtOGY4OC0zNDM2M2JjN2M0YzAiOnsiY3JlYXRlIjoxODAwMDAwMDAwMDAsImRlbGV0ZSI6MTgwMDAwMDAwMDAwLCJ1cGRhdGUiOjE4MDAwMDAwMDAwMH19",
          "dependencies": [
            "yandex_vpc_network.diploma-net",
            "yandex_vpc_route_table.private-route"
          ]
        }
      ]
    },
    {
      "mode": "managed",
      "type": "yandex_vpc_subnet",
      "name": "public-a",
      "provider": "provider[\"registry.terraform.io/yandex-cloud/yandex\"]",
      "instances": [
        {
          "schema_version": 0,
          "attributes": {
            "created_at": "2026-09-04T11:04:12Z",
            "description": "",
            "dhcp_options": [],
            "folder_id": "b1g2qij5dprk0aqb2129",
            "id": "e9btadnaflbppprh2lpn",
            "labels": {},
            "name": "public-subnet-a",
            "network_id": "enp8skpg4sa237c89o0b",
            "route_table_id": "",
            "timeouts": null,
            "v4_cidr_blocks": [
              "192.168.10.0/24"
            ],
            "v6_cidr_blocks": [],
            "zone": "ru-central1-a"
          },
          "sensitive_attributes": [],
          "identity_schema_version": 0,
          "private": "eyJlMmJmYjczMC1lY2FhLTExZTYtOGY4OC0zNDM2M2JjN2M0YzAiOnsiY3JlYXRlIjoxODAwMDAwMDAwMDAsImRlbGV0ZSI6MTgwMDAwMDAwMDAwLCJ1cGRhdGUiOjE4MDAwMDAwMDAwMH19",
          "dependencies": [
            "yandex_vpc_network.diploma-net"
          ]
        }
      ]
    }
  ],
  "check_results": null
}
